
Microsoft Visual Studio Solution File, Format Version 12.00
# Visual Studio Version 17
VisualStudioVersion = 17.13.35818.85 d17.13
MinimumVisualStudioVersion = 10.0.40219.1
Project("{FAE04EC0-301F-11D3-BF4B-00C04F79EFBC}") = "Products", "Products\Products.csproj", "{D703621C-D94D-44BE-B0D8-F0B84CA86E13}"
EndProject
Global
	GlobalSection(SolutionConfigurationPlatforms) = preSolution
		Debug|Any CPU = Debug|Any CPU
		Release|Any CPU = Release|Any CPU
	EndGlobalSection
	GlobalSection(ProjectConfigurationPlatforms) = postSolution
		{D703621C-D94D-44BE-B0D8-F0B84CA86E13}.Debug|Any CPU.ActiveCfg = Debug|Any CPU
		{D703621C-D94D-44BE-B0D8-F0B84CA86E13}.Debug|Any CPU.Build.0 = Debug|Any CPU
		{D703621C-D94D-44BE-B0D8-F0B84CA86E13}.Release|Any CPU.ActiveCfg = Release|Any CPU
		{D703621C-D94D-44BE-B0D8-F0B84CA86E13}.Release|Any CPU.Build.0 = Release|Any CPU
	EndGlobalSection
	GlobalSection(SolutionProperties) = preSolution
		HideSolutionNode = FALSE
	EndGlobalSection
	GlobalSection(ExtensibilityGlobals) = postSolution
		SolutionGuid = {286C85E8-6D1F-452E-ABCB-91AE29AB3771}
	EndGlobalSection
EndGlobal
